
Microsoft Visual Studio Solution File, Format Version 12.00
# Visual Studio Version 17
VisualStudioVersion = 17.5.002.0
MinimumVisualStudioVersion = 10.0.40219.1
Project("{9A19103F-16F7-4668-BE54-9A1E7A4F7556}") = "ChuckKnowledge.App", "ChuckKnowledge.App\ChuckKnowledge.App.csproj", "{BE68C370-83D2-43FA-BEB8-45F2E36157E0}"
EndProject
Project("{9A19103F-16F7-4668-BE54-9A1E7A4F7556}") = "ChuckKnowledge.Client", "ChuckKnowledge.Client\ChuckKnowledge.Client.csproj", "{AD09041B-A714-4B06-BCEC-03F2AF052C44}"
EndProject
Project("{9A19103F-16F7-4668-BE54-9A1E7A4F7556}") = "ChuckKnowledge.Core", "ChuckKnowledge.Core\ChuckKnowledge.Core.csproj", "{EE4A192F-14A7-47C4-AD0F-27BD31EE969B}"
EndProject
Global
	GlobalSection(SolutionConfigurationPlatforms) = preSolution
		Debug|Any CPU = Debug|Any CPU
		Release|Any CPU = Release|Any CPU
	EndGlobalSection
	GlobalSection(ProjectConfigurationPlatforms) = postSolution
		{BE68C370-83D2-43FA-BEB8-45F2E36157E0}.Debug|Any CPU.ActiveCfg = Debug|Any CPU
		{BE68C370-83D2-43FA-BEB8-45F2E36157E0}.Debug|Any CPU.Build.0 = Debug|Any CPU
		{BE68C370-83D2-43FA-BEB8-45F2E36157E0}.Release|Any CPU.ActiveCfg = Release|Any CPU
		{BE68C370-83D2-43FA-BEB8-45F2E36157E0}.Release|Any CPU.Build.0 = Release|Any CPU
		{AD09041B-A714-4B06-BCEC-03F2AF052C44}.Debug|Any CPU.ActiveCfg = Debug|Any CPU
		{AD09041B-A714-4B06-BCEC-03F2AF052C44}.Debug|Any CPU.Build.0 = Debug|Any CPU
		{AD09041B-A714-4B06-BCEC-03F2AF052C44}.Release|Any CPU.ActiveCfg = Release|Any CPU
		{AD09041B-A714-4B06-BCEC-03F2AF052C44}.Release|Any CPU.Build.0 = Release|Any CPU
		{EE4A192F-14A7-47C4-AD0F-27BD31EE969B}.Debug|Any CPU.ActiveCfg = Debug|Any CPU
		{EE4A192F-14A7-47C4-AD0F-27BD31EE969B}.Debug|Any CPU.Build.0 = Debug|Any CPU
		{EE4A192F-14A7-47C4-AD0F-27BD31EE969B}.Release|Any CPU.ActiveCfg = Release|Any CPU
		{EE4A192F-14A7-47C4-AD0F-27BD31EE969B}.Release|Any CPU.Build.0 = Release|Any CPU
	EndGlobalSection
	GlobalSection(SolutionProperties) = preSolution
		HideSolutionNode = FALSE
	EndGlobalSection
	GlobalSection(ExtensibilityGlobals) = postSolution
		SolutionGuid = {813D8F91-D38B-448E-969B-A75462D1A735}
	EndGlobalSection
EndGlobal
