
Microsoft Visual Studio Solution File, Format Version 12.00
# Visual Studio Version 17
VisualStudioVersion = 17.5.002.0
MinimumVisualStudioVersion = 10.0.40219.1
Project("{9A19103F-16F7-4668-BE54-9A1E7A4F7556}") = "ChuckKnowledge.App", "ChuckKnowledge.App\ChuckKnowledge.App.csproj", "{D60E8FA4-D648-4346-ABBE-E5E6D81D7C36}"
EndProject
Project("{9A19103F-16F7-4668-BE54-9A1E7A4F7556}") = "ChuckKnowledge.Client", "ChuckKnowledge.Client\ChuckKnowledge.Client.csproj", "{001D05F2-ADE4-4DCC-9075-ECB3C2C1F84F}"
EndProject
Project("{9A19103F-16F7-4668-BE54-9A1E7A4F7556}") = "ChuckKnowledge.Core", "ChuckKnowledge.Core\ChuckKnowledge.Core.csproj", "{EC3B594D-BCC7-41A7-9176-BEA625927412}"
EndProject
Global
	GlobalSection(SolutionConfigurationPlatforms) = preSolution
		Debug|Any CPU = Debug|Any CPU
		Release|Any CPU = Release|Any CPU
	EndGlobalSection
	GlobalSection(ProjectConfigurationPlatforms) = postSolution
		{D60E8FA4-D648-4346-ABBE-E5E6D81D7C36}.Debug|Any CPU.ActiveCfg = Debug|Any CPU
		{D60E8FA4-D648-4346-ABBE-E5E6D81D7C36}.Debug|Any CPU.Build.0 = Debug|Any CPU
		{D60E8FA4-D648-4346-ABBE-E5E6D81D7C36}.Release|Any CPU.ActiveCfg = Release|Any CPU
		{D60E8FA4-D648-4346-ABBE-E5E6D81D7C36}.Release|Any CPU.Build.0 = Release|Any CPU
		{001D05F2-ADE4-4DCC-9075-ECB3C2C1F84F}.Debug|Any CPU.ActiveCfg = Debug|Any CPU
		{001D05F2-ADE4-4DCC-9075-ECB3C2C1F84F}.Debug|Any CPU.Build.0 = Debug|Any CPU
		{001D05F2-ADE4-4DCC-9075-ECB3C2C1F84F}.Release|Any CPU.ActiveCfg = Release|Any CPU
		{001D05F2-ADE4-4DCC-9075-ECB3C2C1F84F}.Release|Any CPU.Build.0 = Release|Any CPU
		{EC3B594D-BCC7-41A7-9176-BEA625927412}.Debug|Any CPU.ActiveCfg = Debug|Any CPU
		{EC3B594D-BCC7-41A7-9176-BEA625927412}.Debug|Any CPU.Build.0 = Debug|Any CPU
		{EC3B594D-BCC7-41A7-9176-BEA625927412}.Release|Any CPU.ActiveCfg = Release|Any CPU
		{EC3B594D-BCC7-41A7-9176-BEA625927412}.Release|Any CPU.Build.0 = Release|Any CPU
	EndGlobalSection
	GlobalSection(SolutionProperties) = preSolution
		HideSolutionNode = FALSE
	EndGlobalSection
	GlobalSection(ExtensibilityGlobals) = postSolution
		SolutionGuid = {813D8F91-D38B-448E-969B-A75462D1A735}
	EndGlobalSection
EndGlobal
